
Microsoft Visual Studio Solution File, Format Version 12.00
# Visual Studio Version 17
VisualStudioVersion = 17.0.31612.314
MinimumVisualStudioVersion = 10.0.40219.1
Project("{FAE04EC0-301F-11D3-BF4B-00C04F79EFBC}") = "Interfaces", "Interfaces\Interfaces.csproj", "{C568F915-CB32-42A6-A1B8-7A649C2DC24C}"
EndProject
Global
	GlobalSection(SolutionConfigurationPlatforms) = preSolution
		Debug|Any CPU = Debug|Any CPU
		Release|Any CPU = Release|Any CPU
	EndGlobalSection
	GlobalSection(ProjectConfigurationPlatforms) = postSolution
		{C568F915-CB32-42A6-A1B8-7A649C2DC24C}.Debug|Any CPU.ActiveCfg = Debug|Any CPU
		{C568F915-CB32-42A6-A1B8-7A649C2DC24C}.Debug|Any CPU.Build.0 = Debug|Any CPU
		{C568F915-CB32-42A6-A1B8-7A649C2DC24C}.Release|Any CPU.ActiveCfg = Release|Any CPU
		{C568F915-CB32-42A6-A1B8-7A649C2DC24C}.Release|Any CPU.Build.0 = Release|Any CPU
	EndGlobalSection
	GlobalSection(SolutionProperties) = preSolution
		HideSolutionNode = FALSE
	EndGlobalSection
	GlobalSection(ExtensibilityGlobals) = postSolution
		SolutionGuid = {C30F0AE7-580F-456A-BE2F-D548B8B2DC99}
	EndGlobalSection
EndGlobal
